
Microsoft Visual Studio Solution File, Format Version 12.00
# Visual Studio Version 17
VisualStudioVersion = 17.7.34031.279
MinimumVisualStudioVersion = 10.0.40219.1
Project("{FAE04EC0-301F-11D3-BF4B-00C04F79EFBC}") = "APIProgramacionNet", "APIProgramacionNet\APIProgramacionNet.csproj", "{CA311B12-4CAA-4709-8CB4-C5D79F3A949D}"
EndProject
Global
	GlobalSection(SolutionConfigurationPlatforms) = preSolution
		Debug|Any CPU = Debug|Any CPU
		Release|Any CPU = Release|Any CPU
	EndGlobalSection
	GlobalSection(ProjectConfigurationPlatforms) = postSolution
		{CA311B12-4CAA-4709-8CB4-C5D79F3A949D}.Debug|Any CPU.ActiveCfg = Debug|Any CPU
		{CA311B12-4CAA-4709-8CB4-C5D79F3A949D}.Debug|Any CPU.Build.0 = Debug|Any CPU
		{CA311B12-4CAA-4709-8CB4-C5D79F3A949D}.Release|Any CPU.ActiveCfg = Release|Any CPU
		{CA311B12-4CAA-4709-8CB4-C5D79F3A949D}.Release|Any CPU.Build.0 = Release|Any CPU
	EndGlobalSection
	GlobalSection(SolutionProperties) = preSolution
		HideSolutionNode = FALSE
	EndGlobalSection
	GlobalSection(ExtensibilityGlobals) = postSolution
		SolutionGuid = {4214AE16-9A4D-425D-904F-40EF6DC833ED}
	EndGlobalSection
EndGlobal
